
Microsoft Visual Studio Solution File, Format Version 12.00
# Visual Studio Version 17
VisualStudioVersion = 17.10.35013.160
MinimumVisualStudioVersion = 10.0.40219.1
Project("{FAE04EC0-301F-11D3-BF4B-00C04F79EFBC}") = "C#_version", "C#_version.csproj", "{3502BDEE-7548-41B6-85CD-19CBD69398DD}"
EndProject
Global
	GlobalSection(SolutionConfigurationPlatforms) = preSolution
		Debug|Any CPU = Debug|Any CPU
		Release|Any CPU = Release|Any CPU
	EndGlobalSection
	GlobalSection(ProjectConfigurationPlatforms) = postSolution
		{3502BDEE-7548-41B6-85CD-19CBD69398DD}.Debug|Any CPU.ActiveCfg = Debug|Any CPU
		{3502BDEE-7548-41B6-85CD-19CBD69398DD}.Debug|Any CPU.Build.0 = Debug|Any CPU
		{3502BDEE-7548-41B6-85CD-19CBD69398DD}.Release|Any CPU.ActiveCfg = Release|Any CPU
		{3502BDEE-7548-41B6-85CD-19CBD69398DD}.Release|Any CPU.Build.0 = Release|Any CPU
	EndGlobalSection
	GlobalSection(SolutionProperties) = preSolution
		HideSolutionNode = FALSE
	EndGlobalSection
	GlobalSection(ExtensibilityGlobals) = postSolution
		SolutionGuid = {BF212F09-77D4-4F9D-8DE1-697505825D7A}
	EndGlobalSection
EndGlobal
